{
  "version": 4,
  "terraform_version": "0.12.17",
  "serial": 148,
  "lineage": "0330ad8d-acf9-d1ee-a4e3-30e1193b0188",
  "outputs": {
    "deployed_lambda_arn": {
      "value": "arn:aws:lambda:us-west-2:897559426958:function:autorefundHandler",
      "type": "string"
    }
  },
  "resources": [
    {
      "mode": "managed",
      "type": "aws_cloudwatch_event_rule",
      "name": "every_thirty_minutes",
      "provider": "provider.aws",
      "instances": [
        {
          "schema_version": 0,
          "attributes": {
            "arn": "arn:aws:events:us-west-2:897559426958:rule/every-thirty-minutes",
            "description": "Fires every thirty minutes",
            "event_pattern": null,
            "id": "every-thirty-minutes",
            "is_enabled": true,
            "name": "every-thirty-minutes",
            "name_prefix": null,
            "role_arn": "",
            "schedule_expression": "rate(1 minute)",
            "tags": null
          },
          "private": "bnVsbA=="
        }
      ]
    },
    {
      "mode": "managed",
      "type": "aws_cloudwatch_event_target",
      "name": "schedule_every_thirty_minutes",
      "provider": "provider.aws",
      "instances": [
        {
          "schema_version": 0,
          "attributes": {
            "arn": "arn:aws:lambda:us-west-2:897559426958:function:autorefundHandler",
            "batch_target": [],
            "ecs_target": [],
            "id": "every-thirty-minutes-greet_lambda",
            "input": "",
            "input_path": "",
            "input_transformer": [],
            "kinesis_target": [],
            "role_arn": "",
            "rule": "every-thirty-minutes",
            "run_command_targets": [],
            "sqs_target": [],
            "target_id": "greet_lambda"
          },
          "private": "bnVsbA==",
          "dependencies": [
            "aws_cloudwatch_event_rule.every_thirty_minutes",
            "aws_cloudwatch_log_group.lambda_handler_logs",
            "aws_iam_policy.lambda_logging_and_vpc",
            "aws_iam_role.iam_for_lambda",
            "aws_iam_role_policy_attachment.lambda_logs_and_vpc",
            "aws_lambda_function.greet_lambda"
          ]
        }
      ]
    },
    {
      "mode": "managed",
      "type": "aws_cloudwatch_log_group",
      "name": "lambda_handler_logs",
      "provider": "provider.aws",
      "instances": [
        {
          "schema_version": 0,
          "attributes": {
            "arn": "arn:aws:logs:us-west-2:897559426958:log-group:/aws/lambda/autorefundHandler:*",
            "id": "/aws/lambda/autorefundHandler",
            "kms_key_id": "",
            "name": "/aws/lambda/autorefundHandler",
            "name_prefix": null,
            "retention_in_days": 3,
            "tags": null
          },
          "private": "bnVsbA=="
        }
      ]
    },
    {
      "mode": "managed",
      "type": "aws_iam_policy",
      "name": "lambda_logging_and_vpc",
      "provider": "provider.aws",
      "instances": [
        {
          "schema_version": 0,
          "attributes": {
            "arn": "arn:aws:iam::897559426958:policy/lambda_logging",
            "description": "IAM policy for logging from a lambda",
            "id": "arn:aws:iam::897559426958:policy/lambda_logging",
            "name": "lambda_logging",
            "name_prefix": null,
            "path": "/",
            "policy": "{\n  \"Version\": \"2012-10-17\",\n  \"Statement\": [\n    {\n        \"Action\": [\"ec2:DescribeSecurityGroups\",\n                  \"ec2:DescribeSubnets\",\n                  \"ec2:DescribeVpcs\",\n                  \"logs:CreateLogGroup\",\n                  \"logs:CreateLogStream\",\n                  \"logs:PutLogEvents\",\n                  \"ec2:CreateNetworkInterface\",\n                  \"ec2:DescribeNetworkInterfaces\",\n                  \"ec2:DeleteNetworkInterface\"],\n      \"Resource\": [\"*\"],\n      \"Effect\": \"Allow\"\n    }\n  ]\n}\n"
          },
          "private": "bnVsbA=="
        }
      ]
    },
    {
      "mode": "managed",
      "type": "aws_iam_role",
      "name": "iam_for_lambda",
      "provider": "provider.aws",
      "instances": [
        {
          "schema_version": 0,
          "attributes": {
            "arn": "arn:aws:iam::897559426958:role/iam_for_lambda",
            "assume_role_policy": "{\"Version\":\"2012-10-17\",\"Statement\":[{\"Sid\":\"\",\"Effect\":\"Allow\",\"Principal\":{\"Service\":\"lambda.amazonaws.com\"},\"Action\":\"sts:AssumeRole\"}]}",
            "create_date": "2019-12-24T07:02:07Z",
            "description": "",
            "force_detach_policies": false,
            "id": "iam_for_lambda",
            "max_session_duration": 3600,
            "name": "iam_for_lambda",
            "name_prefix": null,
            "path": "/",
            "permissions_boundary": null,
            "tags": null,
            "unique_id": "AROA5B6VV66HIASRXSCHX"
          },
          "private": "bnVsbA=="
        }
      ]
    },
    {
      "mode": "managed",
      "type": "aws_iam_role_policy_attachment",
      "name": "lambda_logs_and_vpc",
      "provider": "provider.aws",
      "instances": [
        {
          "schema_version": 0,
          "attributes": {
            "id": "iam_for_lambda-20191224070210146300000001",
            "policy_arn": "arn:aws:iam::897559426958:policy/lambda_logging",
            "role": "iam_for_lambda"
          },
          "private": "bnVsbA==",
          "dependencies": [
            "aws_iam_policy.lambda_logging_and_vpc",
            "aws_iam_role.iam_for_lambda"
          ]
        }
      ]
    },
    {
      "mode": "managed",
      "type": "aws_lambda_function",
      "name": "greet_lambda",
      "provider": "provider.aws",
      "instances": [
        {
          "schema_version": 0,
          "attributes": {
            "arn": "arn:aws:lambda:us-west-2:897559426958:function:autorefundHandler",
            "dead_letter_config": [],
            "description": "",
            "environment": [
              {
                "variables": {
                  "DBPassword": "b",
                  "DBUsername": "b",
                  "Database": "d",
                  "Port": "b",
                  "Server": "b",
                  "greeting": "Hi Atul Verma"
                }
              }
            ],
            "filename": "function.zip",
            "function_name": "autorefundHandler",
            "handler": "main.lambda_handler",
            "id": "autorefundHandler",
            "invoke_arn": "arn:aws:apigateway:us-west-2:lambda:path/2015-03-31/functions/arn:aws:lambda:us-west-2:897559426958:function:autorefundHandler/invocations",
            "kms_key_arn": "",
            "last_modified": "2019-12-24T07:02:19.918+0000",
            "layers": null,
            "memory_size": 128,
            "publish": false,
            "qualified_arn": "arn:aws:lambda:us-west-2:897559426958:function:autorefundHandler:$LATEST",
            "reserved_concurrent_executions": -1,
            "role": "arn:aws:iam::897559426958:role/iam_for_lambda",
            "runtime": "python3.6",
            "s3_bucket": null,
            "s3_key": null,
            "s3_object_version": null,
            "source_code_hash": "2aPbMNqRzv79h6DAZh9Vx+OggxnloaP8Z+UwnNhlGiU=",
            "source_code_size": 307,
            "tags": null,
            "timeout": 3,
            "timeouts": null,
            "tracing_config": [
              {
                "mode": "PassThrough"
              }
            ],
            "version": "$LATEST",
            "vpc_config": [
              {
                "security_group_ids": [
                  "sg-09b07a139ec3d8a46",
                  "sg-7e6b1839"
                ],
                "subnet_ids": [
                  "subnet-0189ddb2caa0359ad",
                  "subnet-aa7e0b81"
                ],
                "vpc_id": "vpc-611d8b19"
              }
            ]
          },
          "private": "eyJlMmJmYjczMC1lY2FhLTExZTYtOGY4OC0zNDM2M2JjN2M0YzAiOnsiY3JlYXRlIjo2MDAwMDAwMDAwMDB9fQ==",
          "dependencies": [
            "aws_cloudwatch_log_group.lambda_handler_logs",
            "aws_iam_policy.lambda_logging_and_vpc",
            "aws_iam_role.iam_for_lambda",
            "aws_iam_role_policy_attachment.lambda_logs_and_vpc"
          ]
        }
      ]
    },
    {
      "mode": "managed",
      "type": "aws_lambda_permission",
      "name": "allow_cloudwatch_to_schedule_lambda",
      "provider": "provider.aws",
      "instances": [
        {
          "schema_version": 0,
          "attributes": {
            "action": "lambda:InvokeFunction",
            "event_source_token": null,
            "function_name": "autorefundHandler",
            "id": "AllowExecutionFromCloudWatch",
            "principal": "events.amazonaws.com",
            "qualifier": "",
            "source_account": null,
            "source_arn": "arn:aws:events:us-west-2:897559426958:rule/every-thirty-minutes",
            "statement_id": "AllowExecutionFromCloudWatch",
            "statement_id_prefix": null
          },
          "private": "bnVsbA==",
          "dependencies": [
            "aws_cloudwatch_event_rule.every_thirty_minutes",
            "aws_cloudwatch_log_group.lambda_handler_logs",
            "aws_iam_policy.lambda_logging_and_vpc",
            "aws_iam_role.iam_for_lambda",
            "aws_iam_role_policy_attachment.lambda_logs_and_vpc",
            "aws_lambda_function.greet_lambda"
          ]
        }
      ]
    }
  ]
}
